
Microsoft Visual Studio Solution File, Format Version 12.00
# Visual Studio 15
VisualStudioVersion = 15.0.26430.6
MinimumVisualStudioVersion = 10.0.40219.1
Project("{FAE04EC0-301F-11D3-BF4B-00C04F79EFBC}") = "Bandtastic", "Bandtastic\Bandtastic.csproj", "{9639971E-E86E-41E5-8614-3AC6F73CC05C}"
EndProject
Project("{FAE04EC0-301F-11D3-BF4B-00C04F79EFBC}") = "Model", "Model\Model.csproj", "{DE6DD6F4-EBE2-40E1-A1EB-D4E7E3C99AB5}"
EndProject
Global
	GlobalSection(SolutionConfigurationPlatforms) = preSolution
		Debug|Any CPU = Debug|Any CPU
		Release|Any CPU = Release|Any CPU
	EndGlobalSection
	GlobalSection(ProjectConfigurationPlatforms) = postSolution
		{9639971E-E86E-41E5-8614-3AC6F73CC05C}.Debug|Any CPU.ActiveCfg = Debug|Any CPU
		{9639971E-E86E-41E5-8614-3AC6F73CC05C}.Debug|Any CPU.Build.0 = Debug|Any CPU
		{9639971E-E86E-41E5-8614-3AC6F73CC05C}.Release|Any CPU.ActiveCfg = Release|Any CPU
		{9639971E-E86E-41E5-8614-3AC6F73CC05C}.Release|Any CPU.Build.0 = Release|Any CPU
		{DE6DD6F4-EBE2-40E1-A1EB-D4E7E3C99AB5}.Debug|Any CPU.ActiveCfg = Debug|Any CPU
		{DE6DD6F4-EBE2-40E1-A1EB-D4E7E3C99AB5}.Debug|Any CPU.Build.0 = Debug|Any CPU
		{DE6DD6F4-EBE2-40E1-A1EB-D4E7E3C99AB5}.Release|Any CPU.ActiveCfg = Release|Any CPU
		{DE6DD6F4-EBE2-40E1-A1EB-D4E7E3C99AB5}.Release|Any CPU.Build.0 = Release|Any CPU
	EndGlobalSection
	GlobalSection(SolutionProperties) = preSolution
		HideSolutionNode = FALSE
	EndGlobalSection
EndGlobal
